
Microsoft Visual Studio Solution File, Format Version 12.00
# Visual Studio Version 16
VisualStudioVersion = 16.0.29326.143
MinimumVisualStudioVersion = 10.0.40219.1
Project("{9A19103F-16F7-4668-BE54-9A1E7A4F7556}") = "DirWatcher", "DirWatcher\DirWatcher.csproj", "{4A34B017-ABEF-429F-AC83-9FAD4A397972}"
EndProject
Global
	GlobalSection(SolutionConfigurationPlatforms) = preSolution
		Debug|Any CPU = Debug|Any CPU
		Release|Any CPU = Release|Any CPU
	EndGlobalSection
	GlobalSection(ProjectConfigurationPlatforms) = postSolution
		{4A34B017-ABEF-429F-AC83-9FAD4A397972}.Debug|Any CPU.ActiveCfg = Debug|Any CPU
		{4A34B017-ABEF-429F-AC83-9FAD4A397972}.Debug|Any CPU.Build.0 = Debug|Any CPU
		{4A34B017-ABEF-429F-AC83-9FAD4A397972}.Release|Any CPU.ActiveCfg = Release|Any CPU
		{4A34B017-ABEF-429F-AC83-9FAD4A397972}.Release|Any CPU.Build.0 = Release|Any CPU
	EndGlobalSection
	GlobalSection(SolutionProperties) = preSolution
		HideSolutionNode = FALSE
	EndGlobalSection
	GlobalSection(ExtensibilityGlobals) = postSolution
		SolutionGuid = {67583AC1-3E42-4A94-9D4B-933D35ABD0A1}
	EndGlobalSection
EndGlobal
